
Microsoft Visual Studio Solution File, Format Version 12.00
# Visual Studio Version 17
VisualStudioVersion = 17.8.34322.80
MinimumVisualStudioVersion = 10.0.40219.1
Project("{FAE04EC0-301F-11D3-BF4B-00C04F79EFBC}") = "ReviewsSystem.BLL", "ReviewsSystem.BLL\ReviewsSystem.BLL.csproj", "{4C19AD7B-7853-4DD9-84A1-CE0A492E6621}"
EndProject
Project("{FAE04EC0-301F-11D3-BF4B-00C04F79EFBC}") = "ReviewsSystem.DAL", "ReviewsSystem.DAL\ReviewsSystem.DAL.csproj", "{6DEAA6D6-3561-4455-872C-91647F950A30}"
EndProject
Project("{FAE04EC0-301F-11D3-BF4B-00C04F79EFBC}") = "ReviewsSystem.WebAPI", "ReviewsSystem.WebAPI\ReviewsSystem.WebAPI.csproj", "{DF25DCFD-D714-47EF-9A5B-6EA4A22537EA}"
EndProject
Global
	GlobalSection(SolutionConfigurationPlatforms) = preSolution
		Debug|Any CPU = Debug|Any CPU
		Release|Any CPU = Release|Any CPU
	EndGlobalSection
	GlobalSection(ProjectConfigurationPlatforms) = postSolution
		{4C19AD7B-7853-4DD9-84A1-CE0A492E6621}.Debug|Any CPU.ActiveCfg = Debug|Any CPU
		{4C19AD7B-7853-4DD9-84A1-CE0A492E6621}.Debug|Any CPU.Build.0 = Debug|Any CPU
		{4C19AD7B-7853-4DD9-84A1-CE0A492E6621}.Release|Any CPU.ActiveCfg = Release|Any CPU
		{4C19AD7B-7853-4DD9-84A1-CE0A492E6621}.Release|Any CPU.Build.0 = Release|Any CPU
		{6DEAA6D6-3561-4455-872C-91647F950A30}.Debug|Any CPU.ActiveCfg = Debug|Any CPU
		{6DEAA6D6-3561-4455-872C-91647F950A30}.Debug|Any CPU.Build.0 = Debug|Any CPU
		{6DEAA6D6-3561-4455-872C-91647F950A30}.Release|Any CPU.ActiveCfg = Release|Any CPU
		{6DEAA6D6-3561-4455-872C-91647F950A30}.Release|Any CPU.Build.0 = Release|Any CPU
		{DF25DCFD-D714-47EF-9A5B-6EA4A22537EA}.Debug|Any CPU.ActiveCfg = Debug|Any CPU
		{DF25DCFD-D714-47EF-9A5B-6EA4A22537EA}.Debug|Any CPU.Build.0 = Debug|Any CPU
		{DF25DCFD-D714-47EF-9A5B-6EA4A22537EA}.Release|Any CPU.ActiveCfg = Release|Any CPU
		{DF25DCFD-D714-47EF-9A5B-6EA4A22537EA}.Release|Any CPU.Build.0 = Release|Any CPU
	EndGlobalSection
	GlobalSection(SolutionProperties) = preSolution
		HideSolutionNode = FALSE
	EndGlobalSection
	GlobalSection(ExtensibilityGlobals) = postSolution
		SolutionGuid = {A2928AEB-F629-4607-99E3-B44AA4F458F9}
	EndGlobalSection
EndGlobal
